{
  "name": "example",
  "lockfileVersion": 2,
  "requires": true,
  "packages": {
    "": {
      "dependencies": {
        "web-view-tools": "^2.0.3"
      }
    },
    "node_modules/web-view-tools": {
      "version": "2.0.3",
      "resolved": "https://registry.nlark.com/web-view-tools/download/web-view-tools-2.0.3.tgz",
      "integrity": "sha1-sf7EW00xc2spdHF+DaNtiB1OSfA="
    }
  },
  "dependencies": {
    "web-view-tools": {
      "version": "2.0.3",
      "resolved": "https://registry.nlark.com/web-view-tools/download/web-view-tools-2.0.3.tgz",
      "integrity": "sha1-sf7EW00xc2spdHF+DaNtiB1OSfA="
    }
  }
}
